
Microsoft Visual Studio Solution File, Format Version 12.00
# Visual Studio Version 17
VisualStudioVersion = 17.5.33424.131
MinimumVisualStudioVersion = 10.0.40219.1
Project("{9A19103F-16F7-4668-BE54-9A1E7A4F7556}") = "Introduction", "1-Introduction\Introduction.csproj", "{5FE34977-9971-4A1A-8CC7-013721539D98}"
EndProject
Project("{2150E333-8FDC-42A3-9474-1A3956D46DE8}") = "1. Introduction", "1. Introduction", "{2E0BBE8E-CEC2-475D-B4DF-2EA3B8201C08}"
EndProject
Project("{2150E333-8FDC-42A3-9474-1A3956D46DE8}") = "2. Superposition", "2. Superposition", "{CE521957-4F58-49E1-8B00-E2CD4358417A}"
EndProject
Project("{2150E333-8FDC-42A3-9474-1A3956D46DE8}") = "3. Entanglement", "3. Entanglement", "{1EF9D51C-A2F8-4117-8EA5-D384283E9D1F}"
EndProject
Project("{2150E333-8FDC-42A3-9474-1A3956D46DE8}") = "4. Teleportation", "4. Teleportation", "{4CFD92BE-47BC-499A-B285-2100E7782EA4}"
EndProject
Project("{2150E333-8FDC-42A3-9474-1A3956D46DE8}") = "5. Deutsch", "5. Deutsch", "{722269F9-8C9C-4006-AFE4-1D6DDA0F0357}"
EndProject
Project("{2150E333-8FDC-42A3-9474-1A3956D46DE8}") = "6. Deutsch Jozsa", "6. Deutsch Jozsa", "{487C432A-794D-4382-ACBF-4824BD95E291}"
EndProject
Project("{2150E333-8FDC-42A3-9474-1A3956D46DE8}") = "7. CHSH", "7. CHSH", "{B8643CE8-DFCD-4962-9CB3-B65B1C017F3B}"
EndProject
Project("{2150E333-8FDC-42A3-9474-1A3956D46DE8}") = "8. Shor", "8. Shor", "{6DBB1FA3-7CC1-4454-92E9-0A0D97042E82}"
EndProject
Project("{9A19103F-16F7-4668-BE54-9A1E7A4F7556}") = "Superposition", "2-Superposition\Superposition.csproj", "{D03D00E5-312E-4709-B755-2B5430A1FB06}"
EndProject
Project("{9A19103F-16F7-4668-BE54-9A1E7A4F7556}") = "Entanglement", "3-Entanglement\Entanglement.csproj", "{D468CF6B-A5CD-4415-889E-F96677C4563E}"
EndProject
Project("{9A19103F-16F7-4668-BE54-9A1E7A4F7556}") = "Teleportation", "4-Teleportation\Teleportation.csproj", "{DE714AD7-2E89-466F-8781-B732D49AE259}"
EndProject
Project("{9A19103F-16F7-4668-BE54-9A1E7A4F7556}") = "Deutch", "5-Deutch\Deutch.csproj", "{BB3DCFEA-CD5B-4421-B50B-4D496F8467CF}"
EndProject
Project("{9A19103F-16F7-4668-BE54-9A1E7A4F7556}") = "DeutchJozsa", "6-DeutchJozsa\DeutchJozsa.csproj", "{3CE46FC2-86FE-41C2-9C09-DF67F12E726E}"
EndProject
Project("{9A19103F-16F7-4668-BE54-9A1E7A4F7556}") = "CHSH", "7-CHSH\CHSH.csproj", "{5924A2C6-E750-40C2-84B8-8712C022C6AC}"
EndProject
Project("{9A19103F-16F7-4668-BE54-9A1E7A4F7556}") = "Shor", "8-Shor\Shor.csproj", "{21E2DD25-4A84-4154-AD08-A8635672418F}"
EndProject
Global
	GlobalSection(SolutionConfigurationPlatforms) = preSolution
		Debug|Any CPU = Debug|Any CPU
		Release|Any CPU = Release|Any CPU
	EndGlobalSection
	GlobalSection(ProjectConfigurationPlatforms) = postSolution
		{5FE34977-9971-4A1A-8CC7-013721539D98}.Debug|Any CPU.ActiveCfg = Debug|Any CPU
		{5FE34977-9971-4A1A-8CC7-013721539D98}.Debug|Any CPU.Build.0 = Debug|Any CPU
		{5FE34977-9971-4A1A-8CC7-013721539D98}.Release|Any CPU.ActiveCfg = Release|Any CPU
		{5FE34977-9971-4A1A-8CC7-013721539D98}.Release|Any CPU.Build.0 = Release|Any CPU
		{D03D00E5-312E-4709-B755-2B5430A1FB06}.Debug|Any CPU.ActiveCfg = Debug|Any CPU
		{D03D00E5-312E-4709-B755-2B5430A1FB06}.Debug|Any CPU.Build.0 = Debug|Any CPU
		{D03D00E5-312E-4709-B755-2B5430A1FB06}.Release|Any CPU.ActiveCfg = Release|Any CPU
		{D03D00E5-312E-4709-B755-2B5430A1FB06}.Release|Any CPU.Build.0 = Release|Any CPU
		{D468CF6B-A5CD-4415-889E-F96677C4563E}.Debug|Any CPU.ActiveCfg = Debug|Any CPU
		{D468CF6B-A5CD-4415-889E-F96677C4563E}.Debug|Any CPU.Build.0 = Debug|Any CPU
		{D468CF6B-A5CD-4415-889E-F96677C4563E}.Release|Any CPU.ActiveCfg = Release|Any CPU
		{D468CF6B-A5CD-4415-889E-F96677C4563E}.Release|Any CPU.Build.0 = Release|Any CPU
		{DE714AD7-2E89-466F-8781-B732D49AE259}.Debug|Any CPU.ActiveCfg = Debug|Any CPU
		{DE714AD7-2E89-466F-8781-B732D49AE259}.Debug|Any CPU.Build.0 = Debug|Any CPU
		{DE714AD7-2E89-466F-8781-B732D49AE259}.Release|Any CPU.ActiveCfg = Release|Any CPU
		{DE714AD7-2E89-466F-8781-B732D49AE259}.Release|Any CPU.Build.0 = Release|Any CPU
		{BB3DCFEA-CD5B-4421-B50B-4D496F8467CF}.Debug|Any CPU.ActiveCfg = Debug|Any CPU
		{BB3DCFEA-CD5B-4421-B50B-4D496F8467CF}.Debug|Any CPU.Build.0 = Debug|Any CPU
		{BB3DCFEA-CD5B-4421-B50B-4D496F8467CF}.Release|Any CPU.ActiveCfg = Release|Any CPU
		{BB3DCFEA-CD5B-4421-B50B-4D496F8467CF}.Release|Any CPU.Build.0 = Release|Any CPU
		{3CE46FC2-86FE-41C2-9C09-DF67F12E726E}.Debug|Any CPU.ActiveCfg = Debug|Any CPU
		{3CE46FC2-86FE-41C2-9C09-DF67F12E726E}.Debug|Any CPU.Build.0 = Debug|Any CPU
		{3CE46FC2-86FE-41C2-9C09-DF67F12E726E}.Release|Any CPU.ActiveCfg = Release|Any CPU
		{3CE46FC2-86FE-41C2-9C09-DF67F12E726E}.Release|Any CPU.Build.0 = Release|Any CPU
		{5924A2C6-E750-40C2-84B8-8712C022C6AC}.Debug|Any CPU.ActiveCfg = Debug|Any CPU
		{5924A2C6-E750-40C2-84B8-8712C022C6AC}.Debug|Any CPU.Build.0 = Debug|Any CPU
		{5924A2C6-E750-40C2-84B8-8712C022C6AC}.Release|Any CPU.ActiveCfg = Release|Any CPU
		{5924A2C6-E750-40C2-84B8-8712C022C6AC}.Release|Any CPU.Build.0 = Release|Any CPU
		{21E2DD25-4A84-4154-AD08-A8635672418F}.Debug|Any CPU.ActiveCfg = Debug|Any CPU
		{21E2DD25-4A84-4154-AD08-A8635672418F}.Debug|Any CPU.Build.0 = Debug|Any CPU
		{21E2DD25-4A84-4154-AD08-A8635672418F}.Release|Any CPU.ActiveCfg = Release|Any CPU
		{21E2DD25-4A84-4154-AD08-A8635672418F}.Release|Any CPU.Build.0 = Release|Any CPU
	EndGlobalSection
	GlobalSection(SolutionProperties) = preSolution
		HideSolutionNode = FALSE
	EndGlobalSection
	GlobalSection(NestedProjects) = preSolution
		{5FE34977-9971-4A1A-8CC7-013721539D98} = {2E0BBE8E-CEC2-475D-B4DF-2EA3B8201C08}
		{D03D00E5-312E-4709-B755-2B5430A1FB06} = {CE521957-4F58-49E1-8B00-E2CD4358417A}
		{D468CF6B-A5CD-4415-889E-F96677C4563E} = {1EF9D51C-A2F8-4117-8EA5-D384283E9D1F}
		{DE714AD7-2E89-466F-8781-B732D49AE259} = {4CFD92BE-47BC-499A-B285-2100E7782EA4}
		{BB3DCFEA-CD5B-4421-B50B-4D496F8467CF} = {722269F9-8C9C-4006-AFE4-1D6DDA0F0357}
		{3CE46FC2-86FE-41C2-9C09-DF67F12E726E} = {487C432A-794D-4382-ACBF-4824BD95E291}
		{5924A2C6-E750-40C2-84B8-8712C022C6AC} = {B8643CE8-DFCD-4962-9CB3-B65B1C017F3B}
		{21E2DD25-4A84-4154-AD08-A8635672418F} = {6DBB1FA3-7CC1-4454-92E9-0A0D97042E82}
	EndGlobalSection
	GlobalSection(ExtensibilityGlobals) = postSolution
		SolutionGuid = {1B12A23D-7D85-4EC3-9014-50A3449F06C3}
	EndGlobalSection
EndGlobal
